
Microsoft Visual Studio Solution File, Format Version 12.00
# Visual Studio Version 17
VisualStudioVersion = 17.13.35931.197 d17.13
MinimumVisualStudioVersion = 10.0.40219.1
Project("{FAE04EC0-301F-11D3-BF4B-00C04F79EFBC}") = "ProductosApi", "ProductosApi.csproj", "{A72DA851-CF2B-4DC7-8FE1-86954143D03A}"
EndProject
Global
	GlobalSection(SolutionConfigurationPlatforms) = preSolution
		Debug|Any CPU = Debug|Any CPU
		Release|Any CPU = Release|Any CPU
	EndGlobalSection
	GlobalSection(ProjectConfigurationPlatforms) = postSolution
		{A72DA851-CF2B-4DC7-8FE1-86954143D03A}.Debug|Any CPU.ActiveCfg = Debug|Any CPU
		{A72DA851-CF2B-4DC7-8FE1-86954143D03A}.Debug|Any CPU.Build.0 = Debug|Any CPU
		{A72DA851-CF2B-4DC7-8FE1-86954143D03A}.Release|Any CPU.ActiveCfg = Release|Any CPU
		{A72DA851-CF2B-4DC7-8FE1-86954143D03A}.Release|Any CPU.Build.0 = Release|Any CPU
	EndGlobalSection
	GlobalSection(SolutionProperties) = preSolution
		HideSolutionNode = FALSE
	EndGlobalSection
	GlobalSection(ExtensibilityGlobals) = postSolution
		SolutionGuid = {80A45851-818D-4444-9127-9E152E56B596}
	EndGlobalSection
EndGlobal
